
Microsoft Visual Studio Solution File, Format Version 12.00
# Visual Studio 2013
VisualStudioVersion = 12.0.31101.0
MinimumVisualStudioVersion = 10.0.40219.1
Project("{FAE04EC0-301F-11D3-BF4B-00C04F79EFBC}") = "SteamBadger", "SteamBadger\SteamBadger.csproj", "{1C00B5D1-7B8D-4AE5-82E0-16D15AD37629}"
EndProject
Project("{FAE04EC0-301F-11D3-BF4B-00C04F79EFBC}") = "SteamBadger.Tests", "SteamBadger.Tests\SteamBadger.Tests.csproj", "{23869F24-AB9F-428A-9A23-A907B9880170}"
EndProject
Global
	GlobalSection(SolutionConfigurationPlatforms) = preSolution
		Debug|Any CPU = Debug|Any CPU
		Release|Any CPU = Release|Any CPU
	EndGlobalSection
	GlobalSection(ProjectConfigurationPlatforms) = postSolution
		{1C00B5D1-7B8D-4AE5-82E0-16D15AD37629}.Debug|Any CPU.ActiveCfg = Debug|Any CPU
		{1C00B5D1-7B8D-4AE5-82E0-16D15AD37629}.Debug|Any CPU.Build.0 = Debug|Any CPU
		{1C00B5D1-7B8D-4AE5-82E0-16D15AD37629}.Release|Any CPU.ActiveCfg = Release|Any CPU
		{1C00B5D1-7B8D-4AE5-82E0-16D15AD37629}.Release|Any CPU.Build.0 = Release|Any CPU
		{23869F24-AB9F-428A-9A23-A907B9880170}.Debug|Any CPU.ActiveCfg = Debug|Any CPU
		{23869F24-AB9F-428A-9A23-A907B9880170}.Debug|Any CPU.Build.0 = Debug|Any CPU
		{23869F24-AB9F-428A-9A23-A907B9880170}.Release|Any CPU.ActiveCfg = Release|Any CPU
		{23869F24-AB9F-428A-9A23-A907B9880170}.Release|Any CPU.Build.0 = Release|Any CPU
	EndGlobalSection
	GlobalSection(SolutionProperties) = preSolution
		HideSolutionNode = FALSE
	EndGlobalSection
EndGlobal
